
Microsoft Visual Studio Solution File, Format Version 12.00
# Visual Studio 15
VisualStudioVersion = 15.0.26124.0
MinimumVisualStudioVersion = 15.0.26124.0
Project("{2150E333-8FDC-42A3-9474-1A3956D46DE8}") = "test", "test", "{AFE627D6-6D21-4229-B000-21CBF97A3100}"
EndProject
Project("{FAE04EC0-301F-11D3-BF4B-00C04F79EFBC}") = "GradeBook.Tests", "test\GradeBook.Tests\GradeBook.Tests.csproj", "{11E88919-1373-41B2-8DD4-021837E4FA26}"
EndProject
Project("{2150E333-8FDC-42A3-9474-1A3956D46DE8}") = "src", "src", "{7242D5E6-57FB-4C8F-B4CE-BE2C214DC117}"
EndProject
Project("{FAE04EC0-301F-11D3-BF4B-00C04F79EFBC}") = "GradeBook", "src\GradeBook\GradeBook.csproj", "{CB7002DF-C01B-420A-95A5-85A723FEF73D}"
EndProject
Global
	GlobalSection(SolutionConfigurationPlatforms) = preSolution
		Debug|Any CPU = Debug|Any CPU
		Debug|x64 = Debug|x64
		Debug|x86 = Debug|x86
		Release|Any CPU = Release|Any CPU
		Release|x64 = Release|x64
		Release|x86 = Release|x86
	EndGlobalSection
	GlobalSection(SolutionProperties) = preSolution
		HideSolutionNode = FALSE
	EndGlobalSection
	GlobalSection(ProjectConfigurationPlatforms) = postSolution
		{11E88919-1373-41B2-8DD4-021837E4FA26}.Debug|Any CPU.ActiveCfg = Debug|Any CPU
		{11E88919-1373-41B2-8DD4-021837E4FA26}.Debug|Any CPU.Build.0 = Debug|Any CPU
		{11E88919-1373-41B2-8DD4-021837E4FA26}.Debug|x64.ActiveCfg = Debug|Any CPU
		{11E88919-1373-41B2-8DD4-021837E4FA26}.Debug|x64.Build.0 = Debug|Any CPU
		{11E88919-1373-41B2-8DD4-021837E4FA26}.Debug|x86.ActiveCfg = Debug|Any CPU
		{11E88919-1373-41B2-8DD4-021837E4FA26}.Debug|x86.Build.0 = Debug|Any CPU
		{11E88919-1373-41B2-8DD4-021837E4FA26}.Release|Any CPU.ActiveCfg = Release|Any CPU
		{11E88919-1373-41B2-8DD4-021837E4FA26}.Release|Any CPU.Build.0 = Release|Any CPU
		{11E88919-1373-41B2-8DD4-021837E4FA26}.Release|x64.ActiveCfg = Release|Any CPU
		{11E88919-1373-41B2-8DD4-021837E4FA26}.Release|x64.Build.0 = Release|Any CPU
		{11E88919-1373-41B2-8DD4-021837E4FA26}.Release|x86.ActiveCfg = Release|Any CPU
		{11E88919-1373-41B2-8DD4-021837E4FA26}.Release|x86.Build.0 = Release|Any CPU
		{CB7002DF-C01B-420A-95A5-85A723FEF73D}.Debug|Any CPU.ActiveCfg = Debug|Any CPU
		{CB7002DF-C01B-420A-95A5-85A723FEF73D}.Debug|Any CPU.Build.0 = Debug|Any CPU
		{CB7002DF-C01B-420A-95A5-85A723FEF73D}.Debug|x64.ActiveCfg = Debug|Any CPU
		{CB7002DF-C01B-420A-95A5-85A723FEF73D}.Debug|x64.Build.0 = Debug|Any CPU
		{CB7002DF-C01B-420A-95A5-85A723FEF73D}.Debug|x86.ActiveCfg = Debug|Any CPU
		{CB7002DF-C01B-420A-95A5-85A723FEF73D}.Debug|x86.Build.0 = Debug|Any CPU
		{CB7002DF-C01B-420A-95A5-85A723FEF73D}.Release|Any CPU.ActiveCfg = Release|Any CPU
		{CB7002DF-C01B-420A-95A5-85A723FEF73D}.Release|Any CPU.Build.0 = Release|Any CPU
		{CB7002DF-C01B-420A-95A5-85A723FEF73D}.Release|x64.ActiveCfg = Release|Any CPU
		{CB7002DF-C01B-420A-95A5-85A723FEF73D}.Release|x64.Build.0 = Release|Any CPU
		{CB7002DF-C01B-420A-95A5-85A723FEF73D}.Release|x86.ActiveCfg = Release|Any CPU
		{CB7002DF-C01B-420A-95A5-85A723FEF73D}.Release|x86.Build.0 = Release|Any CPU
	EndGlobalSection
	GlobalSection(NestedProjects) = preSolution
		{11E88919-1373-41B2-8DD4-021837E4FA26} = {AFE627D6-6D21-4229-B000-21CBF97A3100}
		{CB7002DF-C01B-420A-95A5-85A723FEF73D} = {7242D5E6-57FB-4C8F-B4CE-BE2C214DC117}
	EndGlobalSection
EndGlobal
